
Microsoft Visual Studio Solution File, Format Version 12.00
# Visual Studio Version 17
VisualStudioVersion = 17.0.32112.339
MinimumVisualStudioVersion = 10.0.40219.1
Project("{FAE04EC0-301F-11D3-BF4B-00C04F79EFBC}") = "Hello", "Hello\Hello.csproj", "{D76F46CB-D30F-4AFE-BD53-1A87F3E62A6D}"
EndProject
Global
	GlobalSection(SolutionConfigurationPlatforms) = preSolution
		Debug|Any CPU = Debug|Any CPU
		Release|Any CPU = Release|Any CPU
	EndGlobalSection
	GlobalSection(ProjectConfigurationPlatforms) = postSolution
		{D76F46CB-D30F-4AFE-BD53-1A87F3E62A6D}.Debug|Any CPU.ActiveCfg = Debug|Any CPU
		{D76F46CB-D30F-4AFE-BD53-1A87F3E62A6D}.Debug|Any CPU.Build.0 = Debug|Any CPU
		{D76F46CB-D30F-4AFE-BD53-1A87F3E62A6D}.Release|Any CPU.ActiveCfg = Release|Any CPU
		{D76F46CB-D30F-4AFE-BD53-1A87F3E62A6D}.Release|Any CPU.Build.0 = Release|Any CPU
	EndGlobalSection
	GlobalSection(SolutionProperties) = preSolution
		HideSolutionNode = FALSE
	EndGlobalSection
	GlobalSection(ExtensibilityGlobals) = postSolution
		SolutionGuid = {0226A964-4FDB-4428-8E21-1F902E7C1C27}
	EndGlobalSection
EndGlobal
